// !$*UTF8*$!
{
	archiveVersion = 1;
	classes = {
	};
	objectVersion = 46;
	objects = {

/* Begin PBXBuildFile section */
		27DBAA62B152605654DB819C /* Pods_TestOfKakao.framework in Frameworks */ = {isa = PBXBuildFile; fileRef = 2DEA0C749ED10E03595798C1 /* Pods_TestOfKakao.framework */; };
		DB51A8B01EA0E1A900E44FEB /* AppDelegate.swift in Sources */ = {isa = PBXBuildFile; fileRef = DB51A8AF1EA0E1A900E44FEB /* AppDelegate.swift */; };
		DB51A8B51EA0E1A900E44FEB /* Main.storyboard in Resources */ = {isa = PBXBuildFile; fileRef = DB51A8B31EA0E1A900E44FEB /* Main.storyboard */; };
		DB51A8B81EA0E1A900E44FEB /* TestOfKakao.xcdatamodeld in Sources */ = {isa = PBXBuildFile; fileRef = DB51A8B61EA0E1A900E44FEB /* TestOfKakao.xcdatamodeld */; };
		DB51A8BA1EA0E1A900E44FEB /* Assets.xcassets in Resources */ = {isa = PBXBuildFile; fileRef = DB51A8B91EA0E1A900E44FEB /* Assets.xcassets */; };
		DB51A8BD1EA0E1A900E44FEB /* LaunchScreen.storyboard in Resources */ = {isa = PBXBuildFile; fileRef = DB51A8BB1EA0E1A900E44FEB /* LaunchScreen.storyboard */; };
		DB51A8C81EA0E1A900E44FEB /* TestOfKakaoTests.swift in Sources */ = {isa = PBXBuildFile; fileRef = DB51A8C71EA0E1A900E44FEB /* TestOfKakaoTests.swift */; };
		DB51A8D31EA0E1A900E44FEB /* TestOfKakaoUITests.swift in Sources */ = {isa = PBXBuildFile; fileRef = DB51A8D21EA0E1A900E44FEB /* TestOfKakaoUITests.swift */; };
		DB51A8E61EA0F13300E44FEB /* AppInformation.swift in Sources */ = {isa = PBXBuildFile; fileRef = DB51A8E51EA0F13300E44FEB /* AppInformation.swift */; };
		DB51A8E91EA0F2E300E44FEB /* CommonConstants.swift in Sources */ = {isa = PBXBuildFile; fileRef = DB51A8E81EA0F2E300E44FEB /* CommonConstants.swift */; };
		DB6EECB41EA234F100146CCC /* LookUpTableViewController.swift in Sources */ = {isa = PBXBuildFile; fileRef = DB6EECB31EA234F100146CCC /* LookUpTableViewController.swift */; };
		DB6EECB61EA2350100146CCC /* TopRankListTableViewController.swift in Sources */ = {isa = PBXBuildFile; fileRef = DB6EECB51EA2350100146CCC /* TopRankListTableViewController.swift */; };
		DB6EECBA1EA2366800146CCC /* TopRankUnitTableViewCell.swift in Sources */ = {isa = PBXBuildFile; fileRef = DB6EECB91EA2366800146CCC /* TopRankUnitTableViewCell.swift */; };
		DB6EECBC1EA2371400146CCC /* HeaderOfLookUpTableViewCell.swift in Sources */ = {isa = PBXBuildFile; fileRef = DB6EECBB1EA2371400146CCC /* HeaderOfLookUpTableViewCell.swift */; };
		DB6EECBE1EA2372E00146CCC /* ScreenShotOfLookUpTableViewCell.swift in Sources */ = {isa = PBXBuildFile; fileRef = DB6EECBD1EA2372E00146CCC /* ScreenShotOfLookUpTableViewCell.swift */; };
		DB6EECC01EA2373F00146CCC /* SummaryOfLookUpTableViewCell.swift in Sources */ = {isa = PBXBuildFile; fileRef = DB6EECBF1EA2373F00146CCC /* SummaryOfLookUpTableViewCell.swift */; };
		DB6EECC21EA2385000146CCC /* TopRankListFactory.swift in Sources */ = {isa = PBXBuildFile; fileRef = DB6EECC11EA2385000146CCC /* TopRankListFactory.swift */; };
		DB6EECC41EA2386700146CCC /* LookUpInformationFactory.swift in Sources */ = {isa = PBXBuildFile; fileRef = DB6EECC31EA2386700146CCC /* LookUpInformationFactory.swift */; };
		DB6EECC61EA246E600146CCC /* ScreenShotsCollectionViewCell.swift in Sources */ = {isa = PBXBuildFile; fileRef = DB6EECC51EA246E600146CCC /* ScreenShotsCollectionViewCell.swift */; };
		DB6EECC91EA24EA100146CCC /* LoadedImageCache.swift in Sources */ = {isa = PBXBuildFile; fileRef = DB6EECC81EA24EA100146CCC /* LoadedImageCache.swift */; };
		DBC88E0E1EA1BFCA00794CAB /* LookUpInformation.swift in Sources */ = {isa = PBXBuildFile; fileRef = DBC88E0D1EA1BFCA00794CAB /* LookUpInformation.swift */; };
/* End PBXBuildFile section */

/* Begin PBXContainerItemProxy section */
		DB51A8C41EA0E1A900E44FEB /* PBXContainerItemProxy */ = {
			isa = PBXContainerItemProxy;
			containerPortal = DB51A8A41EA0E1A800E44FEB /* Project object */;
			proxyType = 1;
			remoteGlobalIDString = DB51A8AB1EA0E1A900E44FEB;
			remoteInfo = TestOfKakao;
		};
		DB51A8CF1EA0E1A900E44FEB /* PBXContainerItemProxy */ = {
			isa = PBXContainerItemProxy;
			containerPortal = DB51A8A41EA0E1A800E44FEB /* Project object */;
			proxyType = 1;
			remoteGlobalIDString = DB51A8AB1EA0E1A900E44FEB;
			remoteInfo = TestOfKakao;
		};
/* End PBXContainerItemProxy section */

/* Begin PBXFileReference section */
		2DEA0C749ED10E03595798C1 /* Pods_TestOfKakao.framework */ = {isa = PBXFileReference; explicitFileType = wrapper.framework; includeInIndex = 0; path = Pods_TestOfKakao.framework; sourceTree = BUILT_PRODUCTS_DIR; };
		67E9ABF139123913A9922DE9 /* Pods-TestOfKakao.release.xcconfig */ = {isa = PBXFileReference; includeInIndex = 1; lastKnownFileType = text.xcconfig; name = "Pods-TestOfKakao.release.xcconfig"; path = "Pods/Target Support Files/Pods-TestOfKakao/Pods-TestOfKakao.release.xcconfig"; sourceTree = "<group>"; };
		9D9686F50588C5FE0B49276A /* Pods-TestOfKakao.debug.xcconfig */ = {isa = PBXFileReference; includeInIndex = 1; lastKnownFileType = text.xcconfig; name = "Pods-TestOfKakao.debug.xcconfig"; path = "Pods/Target Support Files/Pods-TestOfKakao/Pods-TestOfKakao.debug.xcconfig"; sourceTree = "<group>"; };
		DB51A8AC1EA0E1A900E44FEB /* TestOfKakao.app */ = {isa = PBXFileReference; explicitFileType = wrapper.application; includeInIndex = 0; path = TestOfKakao.app; sourceTree = BUILT_PRODUCTS_DIR; };
		DB51A8AF1EA0E1A900E44FEB /* AppDelegate.swift */ = {isa = PBXFileReference; lastKnownFileType = sourcecode.swift; path = AppDelegate.swift; sourceTree = "<group>"; };
		DB51A8B41EA0E1A900E44FEB /* Base */ = {isa = PBXFileReference; lastKnownFileType = file.storyboard; name = Base; path = Base.lproj/Main.storyboard; sourceTree = "<group>"; };
		DB51A8B71EA0E1A900E44FEB /* TestOfKakao.xcdatamodel */ = {isa = PBXFileReference; lastKnownFileType = wrapper.xcdatamodel; path = TestOfKakao.xcdatamodel; sourceTree = "<group>"; };
		DB51A8B91EA0E1A900E44FEB /* Assets.xcassets */ = {isa = PBXFileReference; lastKnownFileType = folder.assetcatalog; path = Assets.xcassets; sourceTree = "<group>"; };
		DB51A8BC1EA0E1A900E44FEB /* Base */ = {isa = PBXFileReference; lastKnownFileType = file.storyboard; name = Base; path = Base.lproj/LaunchScreen.storyboard; sourceTree = "<group>"; };
		DB51A8BE1EA0E1A900E44FEB /* Info.plist */ = {isa = PBXFileReference; lastKnownFileType = text.plist.xml; path = Info.plist; sourceTree = "<group>"; };
		DB51A8C31EA0E1A900E44FEB /* TestOfKakaoTests.xctest */ = {isa = PBXFileReference; explicitFileType = wrapper.cfbundle; includeInIndex = 0; path = TestOfKakaoTests.xctest; sourceTree = BUILT_PRODUCTS_DIR; };
		DB51A8C71EA0E1A900E44FEB /* TestOfKakaoTests.swift */ = {isa = PBXFileReference; lastKnownFileType = sourcecode.swift; path = TestOfKakaoTests.swift; sourceTree = "<group>"; };
		DB51A8C91EA0E1A900E44FEB /* Info.plist */ = {isa = PBXFileReference; lastKnownFileType = text.plist.xml; path = Info.plist; sourceTree = "<group>"; };
		DB51A8CE1EA0E1A900E44FEB /* TestOfKakaoUITests.xctest */ = {isa = PBXFileReference; explicitFileType = wrapper.cfbundle; includeInIndex = 0; path = TestOfKakaoUITests.xctest; sourceTree = BUILT_PRODUCTS_DIR; };
		DB51A8D21EA0E1A900E44FEB /* TestOfKakaoUITests.swift */ = {isa = PBXFileReference; lastKnownFileType = sourcecode.swift; path = TestOfKakaoUITests.swift; sourceTree = "<group>"; };
		DB51A8D41EA0E1A900E44FEB /* Info.plist */ = {isa = PBXFileReference; lastKnownFileType = text.plist.xml; path = Info.plist; sourceTree = "<group>"; };
		DB51A8E51EA0F13300E44FEB /* AppInformation.swift */ = {isa = PBXFileReference; fileEncoding = 4; lastKnownFileType = sourcecode.swift; path = AppInformation.swift; sourceTree = "<group>"; };
		DB51A8E81EA0F2E300E44FEB /* CommonConstants.swift */ = {isa = PBXFileReference; fileEncoding = 4; lastKnownFileType = sourcecode.swift; path = CommonConstants.swift; sourceTree = "<group>"; };
		DB6EECB31EA234F100146CCC /* LookUpTableViewController.swift */ = {isa = PBXFileReference; fileEncoding = 4; lastKnownFileType = sourcecode.swift; path = LookUpTableViewController.swift; sourceTree = "<group>"; };
		DB6EECB51EA2350100146CCC /* TopRankListTableViewController.swift */ = {isa = PBXFileReference; fileEncoding = 4; lastKnownFileType = sourcecode.swift; path = TopRankListTableViewController.swift; sourceTree = "<group>"; };
		DB6EECB91EA2366800146CCC /* TopRankUnitTableViewCell.swift */ = {isa = PBXFileReference; fileEncoding = 4; lastKnownFileType = sourcecode.swift; path = TopRankUnitTableViewCell.swift; sourceTree = "<group>"; };
		DB6EECBB1EA2371400146CCC /* HeaderOfLookUpTableViewCell.swift */ = {isa = PBXFileReference; fileEncoding = 4; lastKnownFileType = sourcecode.swift; path = HeaderOfLookUpTableViewCell.swift; sourceTree = "<group>"; };
		DB6EECBD1EA2372E00146CCC /* ScreenShotOfLookUpTableViewCell.swift */ = {isa = PBXFileReference; fileEncoding = 4; lastKnownFileType = sourcecode.swift; path = ScreenShotOfLookUpTableViewCell.swift; sourceTree = "<group>"; };
		DB6EECBF1EA2373F00146CCC /* SummaryOfLookUpTableViewCell.swift */ = {isa = PBXFileReference; fileEncoding = 4; lastKnownFileType = sourcecode.swift; path = SummaryOfLookUpTableViewCell.swift; sourceTree = "<group>"; };
		DB6EECC11EA2385000146CCC /* TopRankListFactory.swift */ = {isa = PBXFileReference; fileEncoding = 4; lastKnownFileType = sourcecode.swift; path = TopRankListFactory.swift; sourceTree = "<group>"; };
		DB6EECC31EA2386700146CCC /* LookUpInformationFactory.swift */ = {isa = PBXFileReference; fileEncoding = 4; lastKnownFileType = sourcecode.swift; path = LookUpInformationFactory.swift; sourceTree = "<group>"; };
		DB6EECC51EA246E600146CCC /* ScreenShotsCollectionViewCell.swift */ = {isa = PBXFileReference; fileEncoding = 4; lastKnownFileType = sourcecode.swift; path = ScreenShotsCollectionViewCell.swift; sourceTree = "<group>"; };
		DB6EECC81EA24EA100146CCC /* LoadedImageCache.swift */ = {isa = PBXFileReference; fileEncoding = 4; lastKnownFileType = sourcecode.swift; path = LoadedImageCache.swift; sourceTree = "<group>"; };
		DBC88E0D1EA1BFCA00794CAB /* LookUpInformation.swift */ = {isa = PBXFileReference; fileEncoding = 4; lastKnownFileType = sourcecode.swift; path = LookUpInformation.swift; sourceTree = "<group>"; };
/* End PBXFileReference section */

/* Begin PBXFrameworksBuildPhase section */
		DB51A8A91EA0E1A900E44FEB /* Frameworks */ = {
			isa = PBXFrameworksBuildPhase;
			buildActionMask = 2147483647;
			files = (
				27DBAA62B152605654DB819C /* Pods_TestOfKakao.framework in Frameworks */,
			);
			runOnlyForDeploymentPostprocessing = 0;
		};
		DB51A8C01EA0E1A900E44FEB /* Frameworks */ = {
			isa = PBXFrameworksBuildPhase;
			buildActionMask = 2147483647;
			files = (
			);
			runOnlyForDeploymentPostprocessing = 0;
		};
		DB51A8CB1EA0E1A900E44FEB /* Frameworks */ = {
			isa = PBXFrameworksBuildPhase;
			buildActionMask = 2147483647;
			files = (
			);
			runOnlyForDeploymentPostprocessing = 0;
		};
/* End PBXFrameworksBuildPhase section */

/* Begin PBXGroup section */
		5B4F090776353A21FE715F75 /* Pods */ = {
			isa = PBXGroup;
			children = (
				9D9686F50588C5FE0B49276A /* Pods-TestOfKakao.debug.xcconfig */,
				67E9ABF139123913A9922DE9 /* Pods-TestOfKakao.release.xcconfig */,
			);
			name = Pods;
			sourceTree = "<group>";
		};
		DB51A8A31EA0E1A800E44FEB = {
			isa = PBXGroup;
			children = (
				DB51A8AE1EA0E1A900E44FEB /* TestOfKakao */,
				DB51A8C61EA0E1A900E44FEB /* TestOfKakaoTests */,
				DB51A8D11EA0E1A900E44FEB /* TestOfKakaoUITests */,
				DB51A8AD1EA0E1A900E44FEB /* Products */,
				5B4F090776353A21FE715F75 /* Pods */,
				F6CD9D50D0B8FC5D083FFFF2 /* Frameworks */,
			);
			sourceTree = "<group>";
		};
		DB51A8AD1EA0E1A900E44FEB /* Products */ = {
			isa = PBXGroup;
			children = (
				DB51A8AC1EA0E1A900E44FEB /* TestOfKakao.app */,
				DB51A8C31EA0E1A900E44FEB /* TestOfKakaoTests.xctest */,
				DB51A8CE1EA0E1A900E44FEB /* TestOfKakaoUITests.xctest */,
			);
			name = Products;
			sourceTree = "<group>";
		};
		DB51A8AE1EA0E1A900E44FEB /* TestOfKakao */ = {
			isa = PBXGroup;
			children = (
				DB6EECCA1EA26A7500146CCC /* Protocols */,
				DB6EECC71EA24E8900146CCC /* Cache */,
				DB6EECB81EA235C300146CCC /* Factory */,
				DB6EECB71EA2350E00146CCC /* CustomCells */,
				DB51A8E71EA0F2D100E44FEB /* Constants */,
				DB51A8E41EA0F0E600E44FEB /* DataModel */,
				DB51A8AF1EA0E1A900E44FEB /* AppDelegate.swift */,
				DB51A8B31EA0E1A900E44FEB /* Main.storyboard */,
				DB51A8B91EA0E1A900E44FEB /* Assets.xcassets */,
				DB51A8BB1EA0E1A900E44FEB /* LaunchScreen.storyboard */,
				DB51A8BE1EA0E1A900E44FEB /* Info.plist */,
				DB51A8B61EA0E1A900E44FEB /* TestOfKakao.xcdatamodeld */,
				DB6EECB31EA234F100146CCC /* LookUpTableViewController.swift */,
				DB6EECB51EA2350100146CCC /* TopRankListTableViewController.swift */,
			);
			path = TestOfKakao;
			sourceTree = "<group>";
		};
		DB51A8C61EA0E1A900E44FEB /* TestOfKakaoTests */ = {
			isa = PBXGroup;
			children = (
				DB51A8C71EA0E1A900E44FEB /* TestOfKakaoTests.swift */,
				DB51A8C91EA0E1A900E44FEB /* Info.plist */,
			);
			path = TestOfKakaoTests;
			sourceTree = "<group>";
		};
		DB51A8D11EA0E1A900E44FEB /* TestOfKakaoUITests */ = {
			isa = PBXGroup;
			children = (
				DB51A8D21EA0E1A900E44FEB /* TestOfKakaoUITests.swift */,
				DB51A8D41EA0E1A900E44FEB /* Info.plist */,
			);
			path = TestOfKakaoUITests;
			sourceTree = "<group>";
		};
		DB51A8E41EA0F0E600E44FEB /* DataModel */ = {
			isa = PBXGroup;
			children = (
				DB51A8E51EA0F13300E44FEB /* AppInformation.swift */,
				DBC88E0D1EA1BFCA00794CAB /* LookUpInformation.swift */,
			);
			name = DataModel;
			sourceTree = "<group>";
		};
		DB51A8E71EA0F2D100E44FEB /* Constants */ = {
			isa = PBXGroup;
			children = (
				DB51A8E81EA0F2E300E44FEB /* CommonConstants.swift */,
			);
			name = Constants;
			sourceTree = "<group>";
		};
		DB6EECB71EA2350E00146CCC /* CustomCells */ = {
			isa = PBXGroup;
			children = (
				DB6EECB91EA2366800146CCC /* TopRankUnitTableViewCell.swift */,
				DB6EECBB1EA2371400146CCC /* HeaderOfLookUpTableViewCell.swift */,
				DB6EECBD1EA2372E00146CCC /* ScreenShotOfLookUpTableViewCell.swift */,
				DB6EECBF1EA2373F00146CCC /* SummaryOfLookUpTableViewCell.swift */,
				DB6EECC51EA246E600146CCC /* ScreenShotsCollectionViewCell.swift */,
			);
			name = CustomCells;
			sourceTree = "<group>";
		};
		DB6EECB81EA235C300146CCC /* Factory */ = {
			isa = PBXGroup;
			children = (
				DB6EECC11EA2385000146CCC /* TopRankListFactory.swift */,
				DB6EECC31EA2386700146CCC /* LookUpInformationFactory.swift */,
			);
			name = Factory;
			sourceTree = "<group>";
		};
		DB6EECC71EA24E8900146CCC /* Cache */ = {
			isa = PBXGroup;
			children = (
				DB6EECC81EA24EA100146CCC /* LoadedImageCache.swift */,
			);
			name = Cache;
			sourceTree = "<group>";
		};
		DB6EECCA1EA26A7500146CCC /* Protocols */ = {
			isa = PBXGroup;
			children = (
			);
			name = Protocols;
			sourceTree = "<group>";
		};
		F6CD9D50D0B8FC5D083FFFF2 /* Frameworks */ = {
			isa = PBXGroup;
			children = (
				2DEA0C749ED10E03595798C1 /* Pods_TestOfKakao.framework */,
			);
			name = Frameworks;
			sourceTree = "<group>";
		};
/* End PBXGroup section */

/* Begin PBXNativeTarget section */
		DB51A8AB1EA0E1A900E44FEB /* TestOfKakao */ = {
			isa = PBXNativeTarget;
			buildConfigurationList = DB51A8D71EA0E1A900E44FEB /* Build configuration list for PBXNativeTarget "TestOfKakao" */;
			buildPhases = (
				2586F8DF795498C88DBF4050 /* [CP] Check Pods Manifest.lock */,
				DB51A8A81EA0E1A900E44FEB /* Sources */,
				DB51A8A91EA0E1A900E44FEB /* Frameworks */,
				DB51A8AA1EA0E1A900E44FEB /* Resources */,
				37810FFA03759325F092CF94 /* [CP] Embed Pods Frameworks */,
				57628F5F5E9F8F4DB28CD7F1 /* [CP] Copy Pods Resources */,
			);
			buildRules = (
			);
			dependencies = (
			);
			name = TestOfKakao;
			productName = TestOfKakao;
			productReference = DB51A8AC1EA0E1A900E44FEB /* TestOfKakao.app */;
			productType = "com.apple.product-type.application";
		};
		DB51A8C21EA0E1A900E44FEB /* TestOfKakaoTests */ = {
			isa = PBXNativeTarget;
			buildConfigurationList = DB51A8DA1EA0E1A900E44FEB /* Build configuration list for PBXNativeTarget "TestOfKakaoTests" */;
			buildPhases = (
				DB51A8BF1EA0E1A900E44FEB /* Sources */,
				DB51A8C01EA0E1A900E44FEB /* Frameworks */,
				DB51A8C11EA0E1A900E44FEB /* Resources */,
			);
			buildRules = (
			);
			dependencies = (
				DB51A8C51EA0E1A900E44FEB /* PBXTargetDependency */,
			);
			name = TestOfKakaoTests;
			productName = TestOfKakaoTests;
			productReference = DB51A8C31EA0E1A900E44FEB /* TestOfKakaoTests.xctest */;
			productType = "com.apple.product-type.bundle.unit-test";
		};
		DB51A8CD1EA0E1A900E44FEB /* TestOfKakaoUITests */ = {
			isa = PBXNativeTarget;
			buildConfigurationList = DB51A8DD1EA0E1A900E44FEB /* Build configuration list for PBXNativeTarget "TestOfKakaoUITests" */;
			buildPhases = (
				DB51A8CA1EA0E1A900E44FEB /* Sources */,
				DB51A8CB1EA0E1A900E44FEB /* Frameworks */,
				DB51A8CC1EA0E1A900E44FEB /* Resources */,
			);
			buildRules = (
			);
			dependencies = (
				DB51A8D01EA0E1A900E44FEB /* PBXTargetDependency */,
			);
			name = TestOfKakaoUITests;
			productName = TestOfKakaoUITests;
			productReference = DB51A8CE1EA0E1A900E44FEB /* TestOfKakaoUITests.xctest */;
			productType = "com.apple.product-type.bundle.ui-testing";
		};
/* End PBXNativeTarget section */

/* Begin PBXProject section */
		DB51A8A41EA0E1A800E44FEB /* Project object */ = {
			isa = PBXProject;
			attributes = {
				LastSwiftUpdateCheck = 0830;
				LastUpgradeCheck = 0830;
				ORGANIZATIONNAME = Seeds;
				TargetAttributes = {
					DB51A8AB1EA0E1A900E44FEB = {
						CreatedOnToolsVersion = 8.3.1;
						DevelopmentTeam = 3K5VUR9Z69;
						ProvisioningStyle = Automatic;
					};
					DB51A8C21EA0E1A900E44FEB = {
						CreatedOnToolsVersion = 8.3.1;
						DevelopmentTeam = 3K5VUR9Z69;
						ProvisioningStyle = Automatic;
						TestTargetID = DB51A8AB1EA0E1A900E44FEB;
					};
					DB51A8CD1EA0E1A900E44FEB = {
						CreatedOnToolsVersion = 8.3.1;
						DevelopmentTeam = 3K5VUR9Z69;
						ProvisioningStyle = Automatic;
						TestTargetID = DB51A8AB1EA0E1A900E44FEB;
					};
				};
			};
			buildConfigurationList = DB51A8A71EA0E1A800E44FEB /* Build configuration list for PBXProject "TestOfKakao" */;
			compatibilityVersion = "Xcode 3.2";
			developmentRegion = English;
			hasScannedForEncodings = 0;
			knownRegions = (
				en,
				Base,
			);
			mainGroup = DB51A8A31EA0E1A800E44FEB;
			productRefGroup = DB51A8AD1EA0E1A900E44FEB /* Products */;
			projectDirPath = "";
			projectRoot = "";
			targets = (
				DB51A8AB1EA0E1A900E44FEB /* TestOfKakao */,
				DB51A8C21EA0E1A900E44FEB /* TestOfKakaoTests */,
				DB51A8CD1EA0E1A900E44FEB /* TestOfKakaoUITests */,
			);
		};
/* End PBXProject section */

/* Begin PBXResourcesBuildPhase section */
		DB51A8AA1EA0E1A900E44FEB /* Resources */ = {
			isa = PBXResourcesBuildPhase;
			buildActionMask = 2147483647;
			files = (
				DB51A8BD1EA0E1A900E44FEB /* LaunchScreen.storyboard in Resources */,
				DB51A8BA1EA0E1A900E44FEB /* Assets.xcassets in Resources */,
				DB51A8B51EA0E1A900E44FEB /* Main.storyboard in Resources */,
			);
			runOnlyForDeploymentPostprocessing = 0;
		};
		DB51A8C11EA0E1A900E44FEB /* Resources */ = {
			isa = PBXResourcesBuildPhase;
			buildActionMask = 2147483647;
			files = (
			);
			runOnlyForDeploymentPostprocessing = 0;
		};
		DB51A8CC1EA0E1A900E44FEB /* Resources */ = {
			isa = PBXResourcesBuildPhase;
			buildActionMask = 2147483647;
			files = (
			);
			runOnlyForDeploymentPostprocessing = 0;
		};
/* End PBXResourcesBuildPhase section */

/* Begin PBXShellScriptBuildPhase section */
		2586F8DF795498C88DBF4050 /* [CP] Check Pods Manifest.lock */ = {
			isa = PBXShellScriptBuildPhase;
			buildActionMask = 2147483647;
			files = (
			);
			inputPaths = (
			);
			name = "[CP] Check Pods Manifest.lock";
			outputPaths = (
			);
			runOnlyForDeploymentPostprocessing = 0;
			shellPath = /bin/sh;
			shellScript = "diff \"${PODS_PODFILE_DIR_PATH}/Podfile.lock\" \"${PODS_ROOT}/Manifest.lock\" > /dev/null\nif [ $? != 0 ] ; then\n    # print error to STDERR\n    echo \"error: The sandbox is not in sync with the Podfile.lock. Run 'pod install' or update your CocoaPods installation.\" >&2\n    exit 1\nfi\n";
			showEnvVarsInLog = 0;
		};
		37810FFA03759325F092CF94 /* [CP] Embed Pods Frameworks */ = {
			isa = PBXShellScriptBuildPhase;
			buildActionMask = 2147483647;
			files = (
			);
			inputPaths = (
			);
			name = "[CP] Embed Pods Frameworks";
			outputPaths = (
			);
			runOnlyForDeploymentPostprocessing = 0;
			shellPath = /bin/sh;
			shellScript = "\"${SRCROOT}/Pods/Target Support Files/Pods-TestOfKakao/Pods-TestOfKakao-frameworks.sh\"\n";
			showEnvVarsInLog = 0;
		};
		57628F5F5E9F8F4DB28CD7F1 /* [CP] Copy Pods Resources */ = {
			isa = PBXShellScriptBuildPhase;
			buildActionMask = 2147483647;
			files = (
			);
			inputPaths = (
			);
			name = "[CP] Copy Pods Resources";
			outputPaths = (
			);
			runOnlyForDeploymentPostprocessing = 0;
			shellPath = /bin/sh;
			shellScript = "\"${SRCROOT}/Pods/Target Support Files/Pods-TestOfKakao/Pods-TestOfKakao-resources.sh\"\n";
			showEnvVarsInLog = 0;
		};
/* End PBXShellScriptBuildPhase section */

/* Begin PBXSourcesBuildPhase section */
		DB51A8A81EA0E1A900E44FEB /* Sources */ = {
			isa = PBXSourcesBuildPhase;
			buildActionMask = 2147483647;
			files = (
				DB6EECB41EA234F100146CCC /* LookUpTableViewController.swift in Sources */,
				DB6EECBE1EA2372E00146CCC /* ScreenShotOfLookUpTableViewCell.swift in Sources */,
				DB6EECC61EA246E600146CCC /* ScreenShotsCollectionViewCell.swift in Sources */,
				DB51A8E91EA0F2E300E44FEB /* CommonConstants.swift in Sources */,
				DB6EECC41EA2386700146CCC /* LookUpInformationFactory.swift in Sources */,
				DB6EECBA1EA2366800146CCC /* TopRankUnitTableViewCell.swift in Sources */,
				DB6EECC21EA2385000146CCC /* TopRankListFactory.swift in Sources */,
				DB51A8B01EA0E1A900E44FEB /* AppDelegate.swift in Sources */,
				DB6EECBC1EA2371400146CCC /* HeaderOfLookUpTableViewCell.swift in Sources */,
				DB51A8E61EA0F13300E44FEB /* AppInformation.swift in Sources */,
				DB6EECC01EA2373F00146CCC /* SummaryOfLookUpTableViewCell.swift in Sources */,
				DBC88E0E1EA1BFCA00794CAB /* LookUpInformation.swift in Sources */,
				DB51A8B81EA0E1A900E44FEB /* TestOfKakao.xcdatamodeld in Sources */,
				DB6EECB61EA2350100146CCC /* TopRankListTableViewController.swift in Sources */,
				DB6EECC91EA24EA100146CCC /* LoadedImageCache.swift in Sources */,
			);
			runOnlyForDeploymentPostprocessing = 0;
		};
		DB51A8BF1EA0E1A900E44FEB /* Sources */ = {
			isa = PBXSourcesBuildPhase;
			buildActionMask = 2147483647;
			files = (
				DB51A8C81EA0E1A900E44FEB /* TestOfKakaoTests.swift in Sources */,
			);
			runOnlyForDeploymentPostprocessing = 0;
		};
		DB51A8CA1EA0E1A900E44FEB /* Sources */ = {
			isa = PBXSourcesBuildPhase;
			buildActionMask = 2147483647;
			files = (
				DB51A8D31EA0E1A900E44FEB /* TestOfKakaoUITests.swift in Sources */,
			);
			runOnlyForDeploymentPostprocessing = 0;
		};
/* End PBXSourcesBuildPhase section */

/* Begin PBXTargetDependency section */
		DB51A8C51EA0E1A900E44FEB /* PBXTargetDependency */ = {
			isa = PBXTargetDependency;
			target = DB51A8AB1EA0E1A900E44FEB /* TestOfKakao */;
			targetProxy = DB51A8C41EA0E1A900E44FEB /* PBXContainerItemProxy */;
		};
		DB51A8D01EA0E1A900E44FEB /* PBXTargetDependency */ = {
			isa = PBXTargetDependency;
			target = DB51A8AB1EA0E1A900E44FEB /* TestOfKakao */;
			targetProxy = DB51A8CF1EA0E1A900E44FEB /* PBXContainerItemProxy */;
		};
/* End PBXTargetDependency section */

/* Begin PBXVariantGroup section */
		DB51A8B31EA0E1A900E44FEB /* Main.storyboard */ = {
			isa = PBXVariantGroup;
			children = (
				DB51A8B41EA0E1A900E44FEB /* Base */,
			);
			name = Main.storyboard;
			sourceTree = "<group>";
		};
		DB51A8BB1EA0E1A900E44FEB /* LaunchScreen.storyboard */ = {
			isa = PBXVariantGroup;
			children = (
				DB51A8BC1EA0E1A900E44FEB /* Base */,
			);
			name = LaunchScreen.storyboard;
			sourceTree = "<group>";
		};
/* End PBXVariantGroup section */

/* Begin XCBuildConfiguration section */
		DB51A8D51EA0E1A900E44FEB /* Debug */ = {
			isa = XCBuildConfiguration;
			buildSettings = {
				ALWAYS_SEARCH_USER_PATHS = NO;
				CLANG_ANALYZER_NONNULL = YES;
				CLANG_ANALYZER_NUMBER_OBJECT_CONVERSION = YES_AGGRESSIVE;
				CLANG_CXX_LANGUAGE_STANDARD = "gnu++0x";
				CLANG_CXX_LIBRARY = "libc++";
				CLANG_ENABLE_MODULES = YES;
				CLANG_ENABLE_OBJC_ARC = YES;
				CLANG_WARN_BOOL_CONVERSION = YES;
				CLANG_WARN_CONSTANT_CONVERSION = YES;
				CLANG_WARN_DIRECT_OBJC_ISA_USAGE = YES_ERROR;
				CLANG_WARN_DOCUMENTATION_COMMENTS = YES;
				CLANG_WARN_EMPTY_BODY = YES;
				CLANG_WARN_ENUM_CONVERSION = YES;
				CLANG_WARN_INFINITE_RECURSION = YES;
				CLANG_WARN_INT_CONVERSION = YES;
				CLANG_WARN_OBJC_ROOT_CLASS = YES_ERROR;
				CLANG_WARN_SUSPICIOUS_MOVE = YES;
				CLANG_WARN_UNREACHABLE_CODE = YES;
				CLANG_WARN__DUPLICATE_METHOD_MATCH = YES;
				"CODE_SIGN_IDENTITY[sdk=iphoneos*]" = "iPhone Developer";
				COPY_PHASE_STRIP = NO;
				DEBUG_INFORMATION_FORMAT = dwarf;
				ENABLE_STRICT_OBJC_MSGSEND = YES;
				ENABLE_TESTABILITY = YES;
				GCC_C_LANGUAGE_STANDARD = gnu99;
				GCC_DYNAMIC_NO_PIC = NO;
				GCC_NO_COMMON_BLOCKS = YES;
				GCC_OPTIMIZATION_LEVEL = 0;
				GCC_PREPROCESSOR_DEFINITIONS = (
					"DEBUG=1",
					"$(inherited)",
				);
				GCC_WARN_64_TO_32_BIT_CONVERSION = YES;
				GCC_WARN_ABOUT_RETURN_TYPE = YES_ERROR;
				GCC_WARN_UNDECLARED_SELECTOR = YES;
				GCC_WARN_UNINITIALIZED_AUTOS = YES_AGGRESSIVE;
				GCC_WARN_UNUSED_FUNCTION = YES;
				GCC_WARN_UNUSED_VARIABLE = YES;
				IPHONEOS_DEPLOYMENT_TARGET = 10.3;
				MTL_ENABLE_DEBUG_INFO = YES;
				ONLY_ACTIVE_ARCH = YES;
				SDKROOT = iphoneos;
				SWIFT_ACTIVE_COMPILATION_CONDITIONS = DEBUG;
				SWIFT_OPTIMIZATION_LEVEL = "-Onone";
				TARGETED_DEVICE_FAMILY = "1,2";
			};
			name = Debug;
		};
		DB51A8D61EA0E1A900E44FEB /* Release */ = {
			isa = XCBuildConfiguration;
			buildSettings = {
				ALWAYS_SEARCH_USER_PATHS = NO;
				CLANG_ANALYZER_NONNULL = YES;
				CLANG_ANALYZER_NUMBER_OBJECT_CONVERSION = YES_AGGRESSIVE;
				CLANG_CXX_LANGUAGE_STANDARD = "gnu++0x";
				CLANG_CXX_LIBRARY = "libc++";
				CLANG_ENABLE_MODULES = YES;
				CLANG_ENABLE_OBJC_ARC = YES;
				CLANG_WARN_BOOL_CONVERSION = YES;
				CLANG_WARN_CONSTANT_CONVERSION = YES;
				CLANG_WARN_DIRECT_OBJC_ISA_USAGE = YES_ERROR;
				CLANG_WARN_DOCUMENTATION_COMMENTS = YES;
				CLANG_WARN_EMPTY_BODY = YES;
				CLANG_WARN_ENUM_CONVERSION = YES;
				CLANG_WARN_INFINITE_RECURSION = YES;
				CLANG_WARN_INT_CONVERSION = YES;
				CLANG_WARN_OBJC_ROOT_CLASS = YES_ERROR;
				CLANG_WARN_SUSPICIOUS_MOVE = YES;
				CLANG_WARN_UNREACHABLE_CODE = YES;
				CLANG_WARN__DUPLICATE_METHOD_MATCH = YES;
				"CODE_SIGN_IDENTITY[sdk=iphoneos*]" = "iPhone Developer";
				COPY_PHASE_STRIP = NO;
				DEBUG_INFORMATION_FORMAT = "dwarf-with-dsym";
				ENABLE_NS_ASSERTIONS = NO;
				ENABLE_STRICT_OBJC_MSGSEND = YES;
				GCC_C_LANGUAGE_STANDARD = gnu99;
				GCC_NO_COMMON_BLOCKS = YES;
				GCC_WARN_64_TO_32_BIT_CONVERSION = YES;
				GCC_WARN_ABOUT_RETURN_TYPE = YES_ERROR;
				GCC_WARN_UNDECLARED_SELECTOR = YES;
				GCC_WARN_UNINITIALIZED_AUTOS = YES_AGGRESSIVE;
				GCC_WARN_UNUSED_FUNCTION = YES;
				GCC_WARN_UNUSED_VARIABLE = YES;
				IPHONEOS_DEPLOYMENT_TARGET = 10.3;
				MTL_ENABLE_DEBUG_INFO = NO;
				SDKROOT = iphoneos;
				SWIFT_OPTIMIZATION_LEVEL = "-Owholemodule";
				TARGETED_DEVICE_FAMILY = "1,2";
				VALIDATE_PRODUCT = YES;
			};
			name = Release;
		};
		DB51A8D81EA0E1A900E44FEB /* Debug */ = {
			isa = XCBuildConfiguration;
			baseConfigurationReference = 9D9686F50588C5FE0B49276A /* Pods-TestOfKakao.debug.xcconfig */;
			buildSettings = {
				ASSETCATALOG_COMPILER_APPICON_NAME = AppIcon;
				DEVELOPMENT_TEAM = 3K5VUR9Z69;
				INFOPLIST_FILE = TestOfKakao/Info.plist;
				LD_RUNPATH_SEARCH_PATHS = "$(inherited) @executable_path/Frameworks";
				PRODUCT_BUNDLE_IDENTIFIER = com.kakao.TestOfKakao;
				PRODUCT_NAME = "$(TARGET_NAME)";
				SWIFT_VERSION = 3.0;
			};
			name = Debug;
		};
		DB51A8D91EA0E1A900E44FEB /* Release */ = {
			isa = XCBuildConfiguration;
			baseConfigurationReference = 67E9ABF139123913A9922DE9 /* Pods-TestOfKakao.release.xcconfig */;
			buildSettings = {
				ASSETCATALOG_COMPILER_APPICON_NAME = AppIcon;
				DEVELOPMENT_TEAM = 3K5VUR9Z69;
				INFOPLIST_FILE = TestOfKakao/Info.plist;
				LD_RUNPATH_SEARCH_PATHS = "$(inherited) @executable_path/Frameworks";
				PRODUCT_BUNDLE_IDENTIFIER = com.kakao.TestOfKakao;
				PRODUCT_NAME = "$(TARGET_NAME)";
				SWIFT_VERSION = 3.0;
			};
			name = Release;
		};
		DB51A8DB1EA0E1A900E44FEB /* Debug */ = {
			isa = XCBuildConfiguration;
			buildSettings = {
				ALWAYS_EMBED_SWIFT_STANDARD_LIBRARIES = YES;
				BUNDLE_LOADER = "$(TEST_HOST)";
				DEVELOPMENT_TEAM = 3K5VUR9Z69;
				INFOPLIST_FILE = TestOfKakaoTests/Info.plist;
				LD_RUNPATH_SEARCH_PATHS = "$(inherited) @executable_path/Frameworks @loader_path/Frameworks";
				PRODUCT_BUNDLE_IDENTIFIER = com.kakao.TestOfKakaoTests;
				PRODUCT_NAME = "$(TARGET_NAME)";
				SWIFT_VERSION = 3.0;
				TEST_HOST = "$(BUILT_PRODUCTS_DIR)/TestOfKakao.app/TestOfKakao";
			};
			name = Debug;
		};
		DB51A8DC1EA0E1A900E44FEB /* Release */ = {
			isa = XCBuildConfiguration;
			buildSettings = {
				ALWAYS_EMBED_SWIFT_STANDARD_LIBRARIES = YES;
				BUNDLE_LOADER = "$(TEST_HOST)";
				DEVELOPMENT_TEAM = 3K5VUR9Z69;
				INFOPLIST_FILE = TestOfKakaoTests/Info.plist;
				LD_RUNPATH_SEARCH_PATHS = "$(inherited) @executable_path/Frameworks @loader_path/Frameworks";
				PRODUCT_BUNDLE_IDENTIFIER = com.kakao.TestOfKakaoTests;
				PRODUCT_NAME = "$(TARGET_NAME)";
				SWIFT_VERSION = 3.0;
				TEST_HOST = "$(BUILT_PRODUCTS_DIR)/TestOfKakao.app/TestOfKakao";
			};
			name = Release;
		};
		DB51A8DE1EA0E1A900E44FEB /* Debug */ = {
			isa = XCBuildConfiguration;
			buildSettings = {
				ALWAYS_EMBED_SWIFT_STANDARD_LIBRARIES = YES;
				DEVELOPMENT_TEAM = 3K5VUR9Z69;
				INFOPLIST_FILE = TestOfKakaoUITests/Info.plist;
				LD_RUNPATH_SEARCH_PATHS = "$(inherited) @executable_path/Frameworks @loader_path/Frameworks";
				PRODUCT_BUNDLE_IDENTIFIER = com.kakao.TestOfKakaoUITests;
				PRODUCT_NAME = "$(TARGET_NAME)";
				SWIFT_VERSION = 3.0;
				TEST_TARGET_NAME = TestOfKakao;
			};
			name = Debug;
		};
		DB51A8DF1EA0E1A900E44FEB /* Release */ = {
			isa = XCBuildConfiguration;
			buildSettings = {
				ALWAYS_EMBED_SWIFT_STANDARD_LIBRARIES = YES;
				DEVELOPMENT_TEAM = 3K5VUR9Z69;
				INFOPLIST_FILE = TestOfKakaoUITests/Info.plist;
				LD_RUNPATH_SEARCH_PATHS = "$(inherited) @executable_path/Frameworks @loader_path/Frameworks";
				PRODUCT_BUNDLE_IDENTIFIER = com.kakao.TestOfKakaoUITests;
				PRODUCT_NAME = "$(TARGET_NAME)";
				SWIFT_VERSION = 3.0;
				TEST_TARGET_NAME = TestOfKakao;
			};
			name = Release;
		};
/* End XCBuildConfiguration section */

/* Begin XCConfigurationList section */
		DB51A8A71EA0E1A800E44FEB /* Build configuration list for PBXProject "TestOfKakao" */ = {
			isa = XCConfigurationList;
			buildConfigurations = (
				DB51A8D51EA0E1A900E44FEB /* Debug */,
				DB51A8D61EA0E1A900E44FEB /* Release */,
			);
			defaultConfigurationIsVisible = 0;
			defaultConfigurationName = Release;
		};
		DB51A8D71EA0E1A900E44FEB /* Build configuration list for PBXNativeTarget "TestOfKakao" */ = {
			isa = XCConfigurationList;
			buildConfigurations = (
				DB51A8D81EA0E1A900E44FEB /* Debug */,
				DB51A8D91EA0E1A900E44FEB /* Release */,
			);
			defaultConfigurationIsVisible = 0;
			defaultConfigurationName = Release;
		};
		DB51A8DA1EA0E1A900E44FEB /* Build configuration list for PBXNativeTarget "TestOfKakaoTests" */ = {
			isa = XCConfigurationList;
			buildConfigurations = (
				DB51A8DB1EA0E1A900E44FEB /* Debug */,
				DB51A8DC1EA0E1A900E44FEB /* Release */,
			);
			defaultConfigurationIsVisible = 0;
			defaultConfigurationName = Release;
		};
		DB51A8DD1EA0E1A900E44FEB /* Build configuration list for PBXNativeTarget "TestOfKakaoUITests" */ = {
			isa = XCConfigurationList;
			buildConfigurations = (
				DB51A8DE1EA0E1A900E44FEB /* Debug */,
				DB51A8DF1EA0E1A900E44FEB /* Release */,
			);
			defaultConfigurationIsVisible = 0;
			defaultConfigurationName = Release;
		};
/* End XCConfigurationList section */

/* Begin XCVersionGroup section */
		DB51A8B61EA0E1A900E44FEB /* TestOfKakao.xcdatamodeld */ = {
			isa = XCVersionGroup;
			children = (
				DB51A8B71EA0E1A900E44FEB /* TestOfKakao.xcdatamodel */,
			);
			currentVersion = DB51A8B71EA0E1A900E44FEB /* TestOfKakao.xcdatamodel */;
			path = TestOfKakao.xcdatamodeld;
			sourceTree = "<group>";
			versionGroupType = wrapper.xcdatamodel;
		};
/* End XCVersionGroup section */
	};
	rootObject = DB51A8A41EA0E1A800E44FEB /* Project object */;
}
